github.com/vickynygaard/funtemps v0.0.0-20230505083105-f5370d9069cd h1:gIuqKfxNpi38GVgjyIbLJz0JbQnvrc4ODYOVngkxXR8=
github.com/vickynygaard/funtemps v0.0.0-20230505083105-f5370d9069cd/go.mod h1:/KOPPzU97b7zKDu03XK6OcNqkwIzVqOJowWDLUafpVA=
github.com/vickynygaard/is105sem03 v0.0.0-20230505061149-16487591ab30 h1:OfZ9HfLFmHoMe+gfw8+VJd94EP78wuKNKZmdb/2zz0U=
github.com/vickynygaard/is105sem03 v0.0.0-20230505061149-16487591ab30/go.mod h1:J7wJE3au2dENX4f6E6klZfoUiMKrDF1ewVVSad6d3NU=
